lockfileVersion: '6.0'

settings:
  autoInstallPeers: true
  excludeLinksFromLockfile: false

devDependencies:
  '@planetarium/bencodex':
    specifier: ^0.2.2
    version: 0.2.2
  '@planetarium/tx':
    specifier: ^4.3.0
    version: 4.3.0(@planetarium/account@4.3.0)
  '@types/chrome':
    specifier: ^0.0.266
    version: 0.0.266
  typescript:
    specifier: ^5.4.5
    version: 5.4.5

packages:

  /@noble/hashes@1.4.0:
    resolution: {integrity: sha512-V1JJ1WTRUqHHrOSh597hURcMqVKVGL/ea3kv0gSnEdsEZ0/+VyPghM1lMNGc00z7CIQorSvbKpuJkxvuHbvdbg==}
    engines: {node: '>= 16'}
    dev: true

  /@noble/secp256k1@1.7.1:
    resolution: {integrity: sha512-hOUk6AyBFmqVrv7k5WAw/LpszxVbj9gGN4JRkIX52fdFAj1UA61KXmZDvqVEm+pOyec3+fIeZB02LYa/pWOArw==}
    dev: true

  /@planetarium/account@4.3.0:
    resolution: {integrity: sha512-73wGEOppZQLBbvpYd/XtEp/IPruI8vuMm7c2eb8Mvyt6Ti6xyfcSxpsxmaSHsabK27flw7LoPBk9cBTOf6UI1w==}
    dependencies:
      '@noble/hashes': 1.4.0
      '@noble/secp256k1': 1.7.1
    dev: true

  /@planetarium/bencodex@0.2.2:
    resolution: {integrity: sha512-hXYmV0gzEUxbhpVDiMIe/b0XAUoXBIl8Fo84Fx8nE0U39sU5q7tCFTkceock8TYs5rS4ix793033b7QYAPVoLA==}
    dev: true

  /@planetarium/tx@4.3.0(@planetarium/account@4.3.0):
    resolution: {integrity: sha512-XGi87Ds7JIt3y4UDv0SMZefS+e/cn5t8fwTEFy8SSGQJXy4WmKR7FKQ03FCUYnvJFnuBbEgJnM9IZGWNdHachA==}
    engines: {node: '>=19.0.0'}
    peerDependencies:
      '@planetarium/account': ^4.3.0
    dependencies:
      '@planetarium/account': 4.3.0
      '@planetarium/bencodex': 0.2.2
    dev: true

  /@types/chrome@0.0.266:
    resolution: {integrity: sha512-QSQWJTL7NjZElvq/6/E5C1+pHgEP8UAJzwoz7M4vSJ7AECt6NNehJ+tU6snnvuTqZOBjFCivvitYo5+8tNPmhg==}
    dependencies:
      '@types/filesystem': 0.0.36
      '@types/har-format': 1.2.15
    dev: true

  /@types/filesystem@0.0.36:
    resolution: {integrity: sha512-vPDXOZuannb9FZdxgHnqSwAG/jvdGM8Wq+6N4D/d80z+D4HWH+bItqsZaVRQykAn6WEVeEkLm2oQigyHtgb0RA==}
    dependencies:
      '@types/filewriter': 0.0.33
    dev: true

  /@types/filewriter@0.0.33:
    resolution: {integrity: sha512-xFU8ZXTw4gd358lb2jw25nxY9QAgqn2+bKKjKOYfNCzN4DKCFetK7sPtrlpg66Ywe3vWY9FNxprZawAh9wfJ3g==}
    dev: true

  /@types/har-format@1.2.15:
    resolution: {integrity: sha512-RpQH4rXLuvTXKR0zqHq3go0RVXYv/YVqv4TnPH95VbwUxZdQlK1EtcMvQvMpDngHbt13Csh9Z4qT9AbkiQH5BA==}
    dev: true

  /typescript@5.4.5:
    resolution: {integrity: sha512-vcI4UpRgg81oIRUFwR0WSIHKt11nJ7SAVlYNIu+QpqeyXP+gpQJy/Z4+F0aGxSE4MqwjyXvW/TzgkLAx2AGHwQ==}
    engines: {node: '>=14.17'}
    hasBin: true
    dev: true
